<?xml version="1.0" encoding="utf-8"?>
<Project ToolsVersion="4.0" xmlns="http://schemas.microsoft.com/developer/msbuild/2003">
  <ItemGroup>
    <Filter Include="Source Files">
      <UniqueIdentifier>{4FC737F1-C7A5-4376-A066-2A32D752A2FF}</UniqueIdentifier>
      <Extensions>cpp;c;cc;cxx;def;odl;idl;hpj;bat;asm;asmx</Extensions>
    </Filter>
    <Filter Include="Header Files">
      <UniqueIdentifier>{93995380-89BD-4b04-88EB-625FBE52EBFB}</UniqueIdentifier>
      <Extensions>h;hh;hpp;hxx;hm;inl;inc;xsd</Extensions>
    </Filter>
    <Filter Include="Test Cases">
      <UniqueIdentifier>{7a696880-562a-43a3-a83c-4caf4a2b8af5}</UniqueIdentifier>
    </Filter>
  </ItemGroup>
  <ItemGroup>
    <ClCompile Include="main.c">
      <Filter>Source Files</Filter>
    </ClCompile>
    <ClCompile Include="lexer.c">
      <Filter>Source Files</Filter>
    </ClCompile>
    <ClCompile Include="errsatate.c">
      <Filter>Source Files</Filter>
    </ClCompile>
    <ClCompile Include="InputStream.c">
      <Filter>Source Files</Filter>
    </ClCompile>
    <ClCompile Include="string.c">
      <Filter>Source Files</Filter>
    </ClCompile>
    <ClCompile Include="parser.c">
      <Filter>Source Files</Filter>
    </ClCompile>
    <ClCompile Include="node.c">
      <Filter>Source Files</Filter>
    </ClCompile>
    <ClCompile Include="irgenerator.c">
      <Filter>Source Files</Filter>
    </ClCompile>
    <ClCompile Include="symboltable.c">
      <Filter>Source Files</Filter>
    </ClCompile>
    <ClCompile Include="llist.c">
      <Filter>Source Files</Filter>
    </ClCompile>
    <ClCompile Include="irprint.c">
      <Filter>Source Files</Filter>
    </ClCompile>
    <ClCompile Include="module.c">
      <Filter>Source Files</Filter>
    </ClCompile>
    <ClCompile Include="vm.c">
      <Filter>Source Files</Filter>
    </ClCompile>
    <ClCompile Include="imports.c">
      <Filter>Source Files</Filter>
    </ClCompile>
    <ClCompile Include="Constants.c">
      <Filter>Source Files</Filter>
    </ClCompile>
    <ClCompile Include="Constant.c">
      <Filter>Source Files</Filter>
    </ClCompile>
  </ItemGroup>
  <ItemGroup>
    <ClInclude Include="lexer.h">
      <Filter>Header Files</Filter>
    </ClInclude>
    <ClInclude Include="tokens.h">
      <Filter>Header Files</Filter>
    </ClInclude>
    <ClInclude Include="errstate.h">
      <Filter>Header Files</Filter>
    </ClInclude>
    <ClInclude Include="InputStream.h">
      <Filter>Header Files</Filter>
    </ClInclude>
    <ClInclude Include="util.h">
      <Filter>Header Files</Filter>
    </ClInclude>
    <ClInclude Include="string.h">
      <Filter>Header Files</Filter>
    </ClInclude>
    <ClInclude Include="parser.h">
      <Filter>Header Files</Filter>
    </ClInclude>
    <ClInclude Include="node.h">
      <Filter>Header Files</Filter>
    </ClInclude>
    <ClInclude Include="irgenerator.h">
      <Filter>Header Files</Filter>
    </ClInclude>
    <ClInclude Include="symboltable.h">
      <Filter>Header Files</Filter>
    </ClInclude>
    <ClInclude Include="IROp.h">
      <Filter>Header Files</Filter>
    </ClInclude>
    <ClInclude Include="llist.h">
      <Filter>Header Files</Filter>
    </ClInclude>
    <ClInclude Include="module.h">
      <Filter>Header Files</Filter>
    </ClInclude>
    <ClInclude Include="function.h">
      <Filter>Header Files</Filter>
    </ClInclude>
    <ClInclude Include="vm.h">
      <Filter>Header Files</Filter>
    </ClInclude>
    <ClInclude Include="Imports.h">
      <Filter>Header Files</Filter>
    </ClInclude>
    <ClInclude Include="Constants.h">
      <Filter>Header Files</Filter>
    </ClInclude>
    <ClInclude Include="Constant.h">
      <Filter>Header Files</Filter>
    </ClInclude>
  </ItemGroup>
  <ItemGroup>
    <Text Include="..\testcases\test0.txt">
      <Filter>Test Cases</Filter>
    </Text>
    <Text Include="..\testcases\test1.txt">
      <Filter>Test Cases</Filter>
    </Text>
    <Text Include="..\testcases\test2.txt">
      <Filter>Test Cases</Filter>
    </Text>
    <Text Include="..\testcases\test3.txt">
      <Filter>Test Cases</Filter>
    </Text>
  </ItemGroup>
</Project>